{
    "_readme": [
        "This file locks the dependencies of your project to a known state",
        "Read more about it at https://getcomposer.org/doc/01-basic-usage.md#installing-dependencies",
        "This file is @generated automatically"
    ],
    "content-hash": "c357f815093c68f2d83e033ac347a544",
    "packages": [
        {
            "name": "edutiek/long-essay-assessment-service",
            "version": "dev-main",
            "source": {
                "type": "git",
                "url": "https://github.com/EDUTIEK/long-essay-assessment-service.git",
                "reference": "0cffe4e2b04a718b28f9458bbeb80201531405b0"
            },
            "dist": {
                "type": "zip",
                "url": "https://api.github.com/repos/EDUTIEK/long-essay-assessment-service/zipball/0cffe4e2b04a718b28f9458bbeb80201531405b0",
                "reference": "0cffe4e2b04a718b28f9458bbeb80201531405b0",
                "shasum": ""
            },
            "require": {
                "edutiek/long-essay-image-sketch": "dev-main",
                "edutiek/long-essay-pdf-converter": "dev-main",
                "ext-curl": "*",
                "ext-dom": "*",
                "ext-json": "*",
                "ext-xml": "*",
                "ext-xsl": "*",
                "mustache/mustache": "^2.14",
                "php": ">=7.4",
                "slim/slim": "^3.11",
                "tecnickcom/tcpdf": "^6.3",
                "yetanotherape/diff-match-patch": "^1.1"
            },
            "type": "library",
            "autoload": {
                "psr-4": {
                    "Edutiek\\LongEssayAssessmentService\\": "src"
                }
            },
            "license": [
                "GPL-3.0-or-later"
            ],
            "authors": [
                {
                    "name": "Fred Neumann",
                    "email": "neumann@ilias.de"
                }
            ],
            "description": "Backend service for writing long essay assessments",
            "support": {
                "source": "https://github.com/EDUTIEK/long-essay-assessment-service/tree/main"
            },
            "time": "2024-05-24T15:22:57+00:00"
        },
        {
            "name": "edutiek/long-essay-image-sketch",
            "version": "dev-main",
            "source": {
                "type": "git",
                "url": "https://github.com/EDUTIEK/long-essay-image-sketch.git",
                "reference": "0e6597fd1d19f432dafed0c362f3e22e7e296779"
            },
            "dist": {
                "type": "zip",
                "url": "https://api.github.com/repos/EDUTIEK/long-essay-image-sketch/zipball/0e6597fd1d19f432dafed0c362f3e22e7e296779",
                "reference": "0e6597fd1d19f432dafed0c362f3e22e7e296779",
                "shasum": ""
            },
            "require": {
                "ext-imagick": "*",
                "php": ">=7.4|8.0"
            },
            "require-dev": {
                "phpunit/phpunit": "^9.5"
            },
            "type": "project",
            "autoload": {
                "psr-4": {
                    "LongEssayImageSketch\\": "src/"
                },
                "classmap": [
                    "./src"
                ]
            },
            "license": [
                "GPLv3"
            ],
            "authors": [
                {
                    "name": "Lukas Scharmer",
                    "email": "lscharmer@databay.de"
                }
            ],
            "description": "Draw simple shapes onto images.",
            "support": {
                "source": "https://github.com/EDUTIEK/long-essay-image-sketch/tree/main",
                "issues": "https://github.com/EDUTIEK/long-essay-image-sketch/issues"
            },
            "time": "2024-05-24T15:22:59+00:00"
        },
        {
            "name": "edutiek/long-essay-pdf-converter",
            "version": "dev-main",
            "source": {
                "type": "git",
                "url": "https://github.com/EDUTIEK/long-essay-pdf-converter.git",
                "reference": "ec7a2c6c6f3181ec0e7f2f4f9fbdc0a29c96bcd0"
            },
            "dist": {
                "type": "zip",
                "url": "https://api.github.com/repos/EDUTIEK/long-essay-pdf-converter/zipball/ec7a2c6c6f3181ec0e7f2f4f9fbdc0a29c96bcd0",
                "reference": "ec7a2c6c6f3181ec0e7f2f4f9fbdc0a29c96bcd0",
                "shasum": ""
            },
            "require": {
                "ext-imagick": "*",
                "php": ">=7.4|8.0"
            },
            "require-dev": {
                "phpunit/phpunit": "^9.5"
            },
            "type": "project",
            "autoload": {
                "psr-4": {
                    "LongEssayPDFConverter\\": "src/"
                },
                "classmap": [
                    "./src"
                ]
            },
            "license": [
                "GPLv3"
            ],
            "authors": [
                {
                    "name": "Lukas Scharmer",
                    "email": "lscharmer@databay.de"
                }
            ],
            "description": "Convert PDF files to images.",
            "support": {
                "source": "https://github.com/EDUTIEK/long-essay-pdf-converter/tree/main",
                "issues": "https://github.com/EDUTIEK/long-essay-pdf-converter/issues"
            },
            "time": "2024-04-26T11:28:30+00:00"
        },
        {
            "name": "mustache/mustache",
            "version": "v2.14.2",
            "source": {
                "type": "git",
                "url": "https://github.com/bobthecow/mustache.php.git",
                "reference": "e62b7c3849d22ec55f3ec425507bf7968193a6cb"
            },
            "dist": {
                "type": "zip",
                "url": "https://api.github.com/repos/bobthecow/mustache.php/zipball/e62b7c3849d22ec55f3ec425507bf7968193a6cb",
                "reference": "e62b7c3849d22ec55f3ec425507bf7968193a6cb",
                "shasum": ""
            },
            "require": {
                "php": ">=5.2.4"
            },
            "require-dev": {
                "friendsofphp/php-cs-fixer": "~1.11",
                "phpunit/phpunit": "~3.7|~4.0|~5.0"
            },
            "type": "library",
            "autoload": {
                "psr-0": {
                    "Mustache": "src/"
                }
            },
            "notification-url": "https://packagist.org/downloads/",
            "license": [
                "MIT"
            ],
            "authors": [
                {
                    "name": "Justin Hileman",
                    "email": "justin@justinhileman.info",
                    "homepage": "http://justinhileman.com"
                }
            ],
            "description": "A Mustache implementation in PHP.",
            "homepage": "https://github.com/bobthecow/mustache.php",
            "keywords": [
                "mustache",
                "templating"
            ],
            "time": "2022-08-23T13:07:01+00:00"
        },
        {
            "name": "nikic/fast-route",
            "version": "v1.3.0",
            "source": {
                "type": "git",
                "url": "https://github.com/nikic/FastRoute.git",
                "reference": "181d480e08d9476e61381e04a71b34dc0432e812"
            },
            "dist": {
                "type": "zip",
                "url": "https://api.github.com/repos/nikic/FastRoute/zipball/181d480e08d9476e61381e04a71b34dc0432e812",
                "reference": "181d480e08d9476e61381e04a71b34dc0432e812",
                "shasum": ""
            },
            "require": {
                "php": ">=5.4.0"
            },
            "require-dev": {
                "phpunit/phpunit": "^4.8.35|~5.7"
            },
            "type": "library",
            "autoload": {
                "files": [
                    "src/functions.php"
                ],
                "psr-4": {
                    "FastRoute\\": "src/"
                }
            },
            "notification-url": "https://packagist.org/downloads/",
            "license": [
                "BSD-3-Clause"
            ],
            "authors": [
                {
                    "name": "Nikita Popov",
                    "email": "nikic@php.net"
                }
            ],
            "description": "Fast request router for PHP",
            "keywords": [
                "router",
                "routing"
            ],
            "time": "2018-02-13T20:26:39+00:00"
        },
        {
            "name": "pimple/pimple",
            "version": "v3.5.0",
            "source": {
                "type": "git",
                "url": "https://github.com/silexphp/Pimple.git",
                "reference": "a94b3a4db7fb774b3d78dad2315ddc07629e1bed"
            },
            "dist": {
                "type": "zip",
                "url": "https://api.github.com/repos/silexphp/Pimple/zipball/a94b3a4db7fb774b3d78dad2315ddc07629e1bed",
                "reference": "a94b3a4db7fb774b3d78dad2315ddc07629e1bed",
                "shasum": ""
            },
            "require": {
                "php": ">=7.2.5",
                "psr/container": "^1.1 || ^2.0"
            },
            "require-dev": {
                "symfony/phpunit-bridge": "^5.4@dev"
            },
            "type": "library",
            "extra": {
                "branch-alias": {
                    "dev-master": "3.4.x-dev"
                }
            },
            "autoload": {
                "psr-0": {
                    "Pimple": "src/"
                }
            },
            "notification-url": "https://packagist.org/downloads/",
            "license": [
                "MIT"
            ],
            "authors": [
                {
                    "name": "Fabien Potencier",
                    "email": "fabien@symfony.com"
                }
            ],
            "description": "Pimple, a simple Dependency Injection Container",
            "homepage": "https://pimple.symfony.com",
            "keywords": [
                "container",
                "dependency injection"
            ],
            "time": "2021-10-28T11:13:42+00:00"
        },
        {
            "name": "psr/container",
            "version": "1.1.2",
            "source": {
                "type": "git",
                "url": "https://github.com/php-fig/container.git",
                "reference": "513e0666f7216c7459170d56df27dfcefe1689ea"
            },
            "dist": {
                "type": "zip",
                "url": "https://api.github.com/repos/php-fig/container/zipball/513e0666f7216c7459170d56df27dfcefe1689ea",
                "reference": "513e0666f7216c7459170d56df27dfcefe1689ea",
                "shasum": ""
            },
            "require": {
                "php": ">=7.4.0"
            },
            "type": "library",
            "autoload": {
                "psr-4": {
                    "Psr\\Container\\": "src/"
                }
            },
            "notification-url": "https://packagist.org/downloads/",
            "license": [
                "MIT"
            ],
            "authors": [
                {
                    "name": "PHP-FIG",
                    "homepage": "https://www.php-fig.org/"
                }
            ],
            "description": "Common Container Interface (PHP FIG PSR-11)",
            "homepage": "https://github.com/php-fig/container",
            "keywords": [
                "PSR-11",
                "container",
                "container-interface",
                "container-interop",
                "psr"
            ],
            "time": "2021-11-05T16:50:12+00:00"
        },
        {
            "name": "psr/http-message",
            "version": "1.1",
            "source": {
                "type": "git",
                "url": "https://github.com/php-fig/http-message.git",
                "reference": "cb6ce4845ce34a8ad9e68117c10ee90a29919eba"
            },
            "dist": {
                "type": "zip",
                "url": "https://api.github.com/repos/php-fig/http-message/zipball/cb6ce4845ce34a8ad9e68117c10ee90a29919eba",
                "reference": "cb6ce4845ce34a8ad9e68117c10ee90a29919eba",
                "shasum": ""
            },
            "require": {
                "php": "^7.2 || ^8.0"
            },
            "type": "library",
            "extra": {
                "branch-alias": {
                    "dev-master": "1.1.x-dev"
                }
            },
            "autoload": {
                "psr-4": {
                    "Psr\\Http\\Message\\": "src/"
                }
            },
            "notification-url": "https://packagist.org/downloads/",
            "license": [
                "MIT"
            ],
            "authors": [
                {
                    "name": "PHP-FIG",
                    "homepage": "http://www.php-fig.org/"
                }
            ],
            "description": "Common interface for HTTP messages",
            "homepage": "https://github.com/php-fig/http-message",
            "keywords": [
                "http",
                "http-message",
                "psr",
                "psr-7",
                "request",
                "response"
            ],
            "time": "2023-04-04T09:50:52+00:00"
        },
        {
            "name": "slim/slim",
            "version": "3.12.5",
            "source": {
                "type": "git",
                "url": "https://github.com/slimphp/Slim.git",
                "reference": "565632b2d9b64ecedf89546edbbf4f3648089f0c"
            },
            "dist": {
                "type": "zip",
                "url": "https://api.github.com/repos/slimphp/Slim/zipball/565632b2d9b64ecedf89546edbbf4f3648089f0c",
                "reference": "565632b2d9b64ecedf89546edbbf4f3648089f0c",
                "shasum": ""
            },
            "require": {
                "ext-json": "*",
                "ext-libxml": "*",
                "ext-simplexml": "*",
                "nikic/fast-route": "^1.0",
                "php": ">=5.5.0",
                "pimple/pimple": "^3.0",
                "psr/container": "^1.0",
                "psr/http-message": "^1.0"
            },
            "provide": {
                "psr/http-message-implementation": "1.0"
            },
            "require-dev": {
                "phpunit/phpunit": "^4.0",
                "squizlabs/php_codesniffer": "^3.6.0"
            },
            "type": "library",
            "autoload": {
                "psr-4": {
                    "Slim\\": "Slim"
                }
            },
            "notification-url": "https://packagist.org/downloads/",
            "license": [
                "MIT"
            ],
            "authors": [
                {
                    "name": "Josh Lockhart",
                    "email": "hello@joshlockhart.com",
                    "homepage": "https://joshlockhart.com"
                },
                {
                    "name": "Andrew Smith",
                    "email": "a.smith@silentworks.co.uk",
                    "homepage": "http://silentworks.co.uk"
                },
                {
                    "name": "Rob Allen",
                    "email": "rob@akrabat.com",
                    "homepage": "http://akrabat.com"
                },
                {
                    "name": "Gabriel Manricks",
                    "email": "gmanricks@me.com",
                    "homepage": "http://gabrielmanricks.com"
                }
            ],
            "description": "Slim is a PHP micro framework that helps you quickly write simple yet powerful web applications and APIs",
            "homepage": "https://slimframework.com",
            "keywords": [
                "api",
                "framework",
                "micro",
                "router"
            ],
            "funding": [
                {
                    "url": "https://opencollective.com/slimphp",
                    "type": "open_collective"
                },
                {
                    "url": "https://tidelift.com/funding/github/packagist/slim/slim",
                    "type": "tidelift"
                }
            ],
            "time": "2023-07-23T04:32:51+00:00"
        },
        {
            "name": "tecnickcom/tcpdf",
            "version": "6.7.5",
            "source": {
                "type": "git",
                "url": "https://github.com/tecnickcom/TCPDF.git",
                "reference": "951eabf0338ec2522bd0d5d9c79b08a3a3d36b36"
            },
            "dist": {
                "type": "zip",
                "url": "https://api.github.com/repos/tecnickcom/TCPDF/zipball/951eabf0338ec2522bd0d5d9c79b08a3a3d36b36",
                "reference": "951eabf0338ec2522bd0d5d9c79b08a3a3d36b36",
                "shasum": ""
            },
            "require": {
                "php": ">=5.5.0"
            },
            "type": "library",
            "autoload": {
                "classmap": [
                    "config",
                    "include",
                    "tcpdf.php",
                    "tcpdf_parser.php",
                    "tcpdf_import.php",
                    "tcpdf_barcodes_1d.php",
                    "tcpdf_barcodes_2d.php",
                    "include/tcpdf_colors.php",
                    "include/tcpdf_filters.php",
                    "include/tcpdf_font_data.php",
                    "include/tcpdf_fonts.php",
                    "include/tcpdf_images.php",
                    "include/tcpdf_static.php",
                    "include/barcodes/datamatrix.php",
                    "include/barcodes/pdf417.php",
                    "include/barcodes/qrcode.php"
                ]
            },
            "notification-url": "https://packagist.org/downloads/",
            "license": [
                "LGPL-3.0-or-later"
            ],
            "authors": [
                {
                    "name": "Nicola Asuni",
                    "email": "info@tecnick.com",
                    "role": "lead"
                }
            ],
            "description": "TCPDF is a PHP class for generating PDF documents and barcodes.",
            "homepage": "http://www.tcpdf.org/",
            "keywords": [
                "PDFD32000-2008",
                "TCPDF",
                "barcodes",
                "datamatrix",
                "pdf",
                "pdf417",
                "qrcode"
            ],
            "funding": [
                {
                    "url": "https://www.paypal.com/cgi-bin/webscr?cmd=_donations&currency_code=GBP&business=paypal@tecnick.com&item_name=donation%20for%20tcpdf%20project",
                    "type": "custom"
                }
            ],
            "time": "2024-04-20T17:25:10+00:00"
        },
        {
            "name": "yetanotherape/diff-match-patch",
            "version": "v1.1.0",
            "source": {
                "type": "git",
                "url": "https://github.com/yetanotherape/diff-match-patch.git",
                "reference": "e93beb95bea67d2a9f2a662434ca7fbf90b0b172"
            },
            "dist": {
                "type": "zip",
                "url": "https://api.github.com/repos/yetanotherape/diff-match-patch/zipball/e93beb95bea67d2a9f2a662434ca7fbf90b0b172",
                "reference": "e93beb95bea67d2a9f2a662434ca7fbf90b0b172",
                "shasum": ""
            },
            "require": {
                "ext-iconv": "*",
                "ext-json": "*",
                "ext-mbstring": "*",
                "php": ">=7.3"
            },
            "require-dev": {
                "phpunit/phpunit": "9.*"
            },
            "type": "library",
            "autoload": {
                "psr-4": {
                    "DiffMatchPatch\\": "src"
                }
            },
            "notification-url": "https://packagist.org/downloads/",
            "license": [
                "Apache-2.0"
            ],
            "authors": [
                {
                    "name": "Daniil Skrobov",
                    "email": "yetanotherape@gmail.com"
                },
                {
                    "name": "Neil Fraser",
                    "email": "fraser@google.com",
                    "homepage": "http://neil.fraser.name/"
                }
            ],
            "description": "Port of the google-diff-match-patch (https://github.com/google/diff-match-patch) lib to PHP",
            "homepage": "https://github.com/yetanotherape/diff-match-patch",
            "keywords": [
                "Fuzzy search",
                "Match",
                "diff",
                "patch"
            ],
            "time": "2020-12-20T17:28:39+00:00"
        }
    ],
    "packages-dev": [],
    "aliases": [],
    "minimum-stability": "stable",
    "stability-flags": {
        "edutiek/long-essay-assessment-service": 20,
        "edutiek/long-essay-pdf-converter": 20,
        "edutiek/long-essay-image-sketch": 20
    },
    "prefer-stable": false,
    "prefer-lowest": false,
    "platform": {
        "php": "~7.4"
    },
    "platform-dev": [],
    "plugin-api-version": "1.1.0"
}
